{
  "object": {
    "pins": [
      {
        "package": "ExamplePackage",
        "repositoryURL": "https://github.com/example/ExamplePackage.git",
        "state": {
          "branch": null,
          "revision": "5f8d8396c87d1e6a3f5a5b5c3db847769f8dcf8b",
          "version": "1.0.0"
        }
      }
    ]
  },
  "version": 1
}
